
Microsoft Visual Studio Solution File, Format Version 12.00
# Visual Studio Version 17
VisualStudioVersion = 17.14.36221.1
MinimumVisualStudioVersion = 10.0.40219.1
Project("{FAE04EC0-301F-11D3-BF4B-00C04F79EFBC}") = "Blazor.Lottie.Player", "Blazor.Lottie.Player\Blazor.Lottie.Player.csproj", "{A256F3B7-5BA4-4CE4-80B8-B86B1240315B}"
EndProject
Project("{FAE04EC0-301F-11D3-BF4B-00C04F79EFBC}") = "Blazor.Lottie.Player.Docs.WASM", "Blazor.Lottie.Player.Docs.WASM\Blazor.Lottie.Player.Docs.WASM.csproj", "{E701A428-9E74-4876-9752-703495976F01}"
EndProject
Project("{FAE04EC0-301F-11D3-BF4B-00C04F79EFBC}") = "Blazor.Lottie.Player.UnitTests", "..\tests\Blazor.Lottie.Player.UnitTests\Blazor.Lottie.Player.UnitTests.csproj", "{31B59C97-E241-4555-B733-17DAD6362AAF}"
EndProject
Project("{2150E333-8FDC-42A3-9474-1A3956D46DE8}") = "SolutionItems", "SolutionItems", "{02EA681E-C7D8-13C7-8484-4AC65E1B71E8}"
	ProjectSection(SolutionItems) = preProject
		..\.editorconfig = ..\.editorconfig
		..\README.md = ..\README.md
		Readme.txt = Readme.txt
	EndProjectSection
EndProject
Global
	GlobalSection(SolutionConfigurationPlatforms) = preSolution
		Debug|Any CPU = Debug|Any CPU
		Release|Any CPU = Release|Any CPU
	EndGlobalSection
	GlobalSection(ProjectConfigurationPlatforms) = postSolution
		{A256F3B7-5BA4-4CE4-80B8-B86B1240315B}.Debug|Any CPU.ActiveCfg = Debug|Any CPU
		{A256F3B7-5BA4-4CE4-80B8-B86B1240315B}.Debug|Any CPU.Build.0 = Debug|Any CPU
		{A256F3B7-5BA4-4CE4-80B8-B86B1240315B}.Release|Any CPU.ActiveCfg = Release|Any CPU
		{A256F3B7-5BA4-4CE4-80B8-B86B1240315B}.Release|Any CPU.Build.0 = Release|Any CPU
		{E701A428-9E74-4876-9752-703495976F01}.Debug|Any CPU.ActiveCfg = Debug|Any CPU
		{E701A428-9E74-4876-9752-703495976F01}.Debug|Any CPU.Build.0 = Debug|Any CPU
		{E701A428-9E74-4876-9752-703495976F01}.Release|Any CPU.ActiveCfg = Release|Any CPU
		{E701A428-9E74-4876-9752-703495976F01}.Release|Any CPU.Build.0 = Release|Any CPU
		{31B59C97-E241-4555-B733-17DAD6362AAF}.Debug|Any CPU.ActiveCfg = Debug|Any CPU
		{31B59C97-E241-4555-B733-17DAD6362AAF}.Debug|Any CPU.Build.0 = Debug|Any CPU
		{31B59C97-E241-4555-B733-17DAD6362AAF}.Release|Any CPU.ActiveCfg = Release|Any CPU
		{31B59C97-E241-4555-B733-17DAD6362AAF}.Release|Any CPU.Build.0 = Release|Any CPU
	EndGlobalSection
	GlobalSection(SolutionProperties) = preSolution
		HideSolutionNode = FALSE
	EndGlobalSection
	GlobalSection(ExtensibilityGlobals) = postSolution
		SolutionGuid = {DB1F496D-F870-424A-8DFC-9E8F30D4F08F}
	EndGlobalSection
EndGlobal
